{
  "name": "new-barcelona",
  "version": "1.0.0",
  "lockfileVersion": 2,
  "requires": true,
  "packages": {
    "": {
      "name": "new-barcelona",
      "version": "1.0.0",
      "license": "ISC",
      "dependencies": {
        "@bytecodealliance/preview2-shim": "^0.16.0"
      }
    },
    "node_modules/@bytecodealliance/preview2-shim": {
      "version": "0.16.0",
      "resolved": "https://registry.npmjs.org/@bytecodealliance/preview2-shim/-/preview2-shim-0.16.0.tgz",
      "integrity": "sha512-8gajvNpwHu8127PZuv56wpZQutEFmQL7F/BnwVleME1oUA9yXky2uIEK3HWN0inU2PUW8GLl4h4uLSP6/b8/eA=="
    }
  },
  "dependencies": {
    "@bytecodealliance/preview2-shim": {
      "version": "0.16.0",
      "resolved": "https://registry.npmjs.org/@bytecodealliance/preview2-shim/-/preview2-shim-0.16.0.tgz",
      "integrity": "sha512-8gajvNpwHu8127PZuv56wpZQutEFmQL7F/BnwVleME1oUA9yXky2uIEK3HWN0inU2PUW8GLl4h4uLSP6/b8/eA=="
    }
  }
}
